// !$*UTF8*$!
{
	archiveVersion = 1;
	classes = {
	};
	objectVersion = 50;
	objects = {

/* Begin PBXBuildFile section */
		1F03C25B21AACF4C001D8BC6 /* Extensions.swift in Sources */ = {isa = PBXBuildFile; fileRef = 1F03C25321AACF4C001D8BC6 /* Extensions.swift */; };
		1F03C25C21AACF4C001D8BC6 /* BaseViewController.swift in Sources */ = {isa = PBXBuildFile; fileRef = 1F03C25521AACF4C001D8BC6 /* BaseViewController.swift */; };
		1F03C25D21AACF4C001D8BC6 /* PreviewViewController.swift in Sources */ = {isa = PBXBuildFile; fileRef = 1F03C25621AACF4C001D8BC6 /* PreviewViewController.swift */; };
		1F03C25E21AACF4C001D8BC6 /* SelectTypeViewController.swift in Sources */ = {isa = PBXBuildFile; fileRef = 1F03C25721AACF4C001D8BC6 /* SelectTypeViewController.swift */; };
		1F03C25F21AACF4C001D8BC6 /* SelectLogoViewController.swift in Sources */ = {isa = PBXBuildFile; fileRef = 1F03C25821AACF4C001D8BC6 /* SelectLogoViewController.swift */; };
		1F03C26021AACF4C001D8BC6 /* LogoCollectionViewCell.swift in Sources */ = {isa = PBXBuildFile; fileRef = 1F03C25A21AACF4C001D8BC6 /* LogoCollectionViewCell.swift */; };
		1F03C2B321AACFD4001D8BC6 /* Array+Extensions.swift in Sources */ = {isa = PBXBuildFile; fileRef = 1F03C26421AACFD4001D8BC6 /* Array+Extensions.swift */; };
		1F03C2B421AACFD4001D8BC6 /* UISegmentedControl+Extensions.swift in Sources */ = {isa = PBXBuildFile; fileRef = 1F03C26521AACFD4001D8BC6 /* UISegmentedControl+Extensions.swift */; };
		1F03C2B521AACFD4001D8BC6 /* UIImageView+Extensions.swift in Sources */ = {isa = PBXBuildFile; fileRef = 1F03C26621AACFD4001D8BC6 /* UIImageView+Extensions.swift */; };
		1F03C2B621AACFD4001D8BC6 /* UIViewController+Extensions.swift in Sources */ = {isa = PBXBuildFile; fileRef = 1F03C26721AACFD4001D8BC6 /* UIViewController+Extensions.swift */; };
		1F03C2B721AACFD4001D8BC6 /* UIView+Extensions.swift in Sources */ = {isa = PBXBuildFile; fileRef = 1F03C26821AACFD4001D8BC6 /* UIView+Extensions.swift */; };
		1F03C2B821AACFD4001D8BC6 /* Date+Extension.swift in Sources */ = {isa = PBXBuildFile; fileRef = 1F03C26921AACFD4001D8BC6 /* Date+Extension.swift */; };
		1F03C2B921AACFD4001D8BC6 /* String+Extensions.swift in Sources */ = {isa = PBXBuildFile; fileRef = 1F03C26A21AACFD4001D8BC6 /* String+Extensions.swift */; };
		1F03C2BA21AACFD4001D8BC6 /* UITextView+Extensions.swift in Sources */ = {isa = PBXBuildFile; fileRef = 1F03C26B21AACFD4001D8BC6 /* UITextView+Extensions.swift */; };
		1F03C2BB21AACFD4001D8BC6 /* UIColor+Extensions.swift in Sources */ = {isa = PBXBuildFile; fileRef = 1F03C26C21AACFD4001D8BC6 /* UIColor+Extensions.swift */; };
		1F03C2BC21AACFD4001D8BC6 /* UIImage+Extensions.swift in Sources */ = {isa = PBXBuildFile; fileRef = 1F03C26D21AACFD4001D8BC6 /* UIImage+Extensions.swift */; };
		1F03C2BD21AACFD4001D8BC6 /* UISearchBar+Extensions.swift in Sources */ = {isa = PBXBuildFile; fileRef = 1F03C26E21AACFD4001D8BC6 /* UISearchBar+Extensions.swift */; };
		1F03C2BE21AACFD4001D8BC6 /* UIApplication+Extensions.swift in Sources */ = {isa = PBXBuildFile; fileRef = 1F03C26F21AACFD4001D8BC6 /* UIApplication+Extensions.swift */; };
		1F03C2BF21AACFD4001D8BC6 /* UIAlertController+Extensions.swift in Sources */ = {isa = PBXBuildFile; fileRef = 1F03C27021AACFD4001D8BC6 /* UIAlertController+Extensions.swift */; };
		1F03C2C021AACFD4001D8BC6 /* Optional+Extensions.swift in Sources */ = {isa = PBXBuildFile; fileRef = 1F03C27121AACFD4001D8BC6 /* Optional+Extensions.swift */; };
		1F03C2C121AACFD4001D8BC6 /* Common+Extensions.swift in Sources */ = {isa = PBXBuildFile; fileRef = 1F03C27221AACFD4001D8BC6 /* Common+Extensions.swift */; };
		1F03C2C221AACFD4001D8BC6 /* Locale+Extensions.swift in Sources */ = {isa = PBXBuildFile; fileRef = 1F03C27321AACFD4001D8BC6 /* Locale+Extensions.swift */; };
		1F03C2C321AACFD4001D8BC6 /* UITextField+Extensions.swift in Sources */ = {isa = PBXBuildFile; fileRef = 1F03C27421AACFD4001D8BC6 /* UITextField+Extensions.swift */; };
		1F03C2C421AACFD4001D8BC6 /* AttributedTextBlock.swift in Sources */ = {isa = PBXBuildFile; fileRef = 1F03C27721AACFD4001D8BC6 /* AttributedTextBlock.swift */; };
		1F03C2C521AACFD4001D8BC6 /* TextViewController.swift in Sources */ = {isa = PBXBuildFile; fileRef = 1F03C27821AACFD4001D8BC6 /* TextViewController.swift */; };
		1F03C2C621AACFD4001D8BC6 /* Countries.bundle in Resources */ = {isa = PBXBuildFile; fileRef = 1F03C27B21AACFD4001D8BC6 /* Countries.bundle */; };
		1F03C2C721AACFD4001D8BC6 /* LocaleStore.swift in Sources */ = {isa = PBXBuildFile; fileRef = 1F03C27D21AACFD4001D8BC6 /* LocaleStore.swift */; };
		1F03C2C821AACFD4001D8BC6 /* LocaleInfo.swift in Sources */ = {isa = PBXBuildFile; fileRef = 1F03C27F21AACFD4001D8BC6 /* LocaleInfo.swift */; };
		1F03C2C921AACFD4001D8BC6 /* LocalePickerViewController.swift in Sources */ = {isa = PBXBuildFile; fileRef = 1F03C28021AACFD4001D8BC6 /* LocalePickerViewController.swift */; };
		1F03C2CA21AACFD4001D8BC6 /* PhoneCodeCell.swift in Sources */ = {isa = PBXBuildFile; fileRef = 1F03C28221AACFD4001D8BC6 /* PhoneCodeCell.swift */; };
		1F03C2CB21AACFD4001D8BC6 /* CurrencyCell.swift in Sources */ = {isa = PBXBuildFile; fileRef = 1F03C28321AACFD4001D8BC6 /* CurrencyCell.swift */; };
		1F03C2CC21AACFD4001D8BC6 /* CountryCell.swift in Sources */ = {isa = PBXBuildFile; fileRef = 1F03C28421AACFD4001D8BC6 /* CountryCell.swift */; };
		1F03C2CD21AACFD4001D8BC6 /* TwoTextFieldsViewController.swift in Sources */ = {isa = PBXBuildFile; fileRef = 1F03C28621AACFD4001D8BC6 /* TwoTextFieldsViewController.swift */; };
		1F03C2CE21AACFD4001D8BC6 /* OneTextFieldViewController.swift in Sources */ = {isa = PBXBuildFile; fileRef = 1F03C28721AACFD4001D8BC6 /* OneTextFieldViewController.swift */; };
		1F03C2CF21AACFD4001D8BC6 /* Assets.swift in Sources */ = {isa = PBXBuildFile; fileRef = 1F03C28A21AACFD4001D8BC6 /* Assets.swift */; };
		1F03C2D021AACFD4001D8BC6 /* PhotoLibraryPickerViewController.swift in Sources */ = {isa = PBXBuildFile; fileRef = 1F03C28B21AACFD4001D8BC6 /* PhotoLibraryPickerViewController.swift */; };
		1F03C2D121AACFD4001D8BC6 /* LocationSearchResultsViewController.swift in Sources */ = {isa = PBXBuildFile; fileRef = 1F03C28D21AACFD4001D8BC6 /* LocationSearchResultsViewController.swift */; };
		1F03C2D221AACFD4001D8BC6 /* LocationPickerViewController.swift in Sources */ = {isa = PBXBuildFile; fileRef = 1F03C28E21AACFD4001D8BC6 /* LocationPickerViewController.swift */; };
		1F03C2D321AACFD4001D8BC6 /* SearchHistoryManager.swift in Sources */ = {isa = PBXBuildFile; fileRef = 1F03C29021AACFD4001D8BC6 /* SearchHistoryManager.swift */; };
		1F03C2D421AACFD4001D8BC6 /* Location.swift in Sources */ = {isa = PBXBuildFile; fileRef = 1F03C29221AACFD4001D8BC6 /* Location.swift */; };
		1F03C2D521AACFD4001D8BC6 /* Address.swift in Sources */ = {isa = PBXBuildFile; fileRef = 1F03C29321AACFD4001D8BC6 /* Address.swift */; };
		1F03C2D621AACFD4001D8BC6 /* PickerViewViewController.swift in Sources */ = {isa = PBXBuildFile; fileRef = 1F03C29521AACFD4001D8BC6 /* PickerViewViewController.swift */; };
		1F03C2D721AACFD4001D8BC6 /* ContactsPickerViewController.swift in Sources */ = {isa = PBXBuildFile; fileRef = 1F03C29721AACFD4001D8BC6 /* ContactsPickerViewController.swift */; };
		1F03C2D821AACFD4001D8BC6 /* Contacts.swift in Sources */ = {isa = PBXBuildFile; fileRef = 1F03C29921AACFD4001D8BC6 /* Contacts.swift */; };
		1F03C2D921AACFD4001D8BC6 /* Contact.swift in Sources */ = {isa = PBXBuildFile; fileRef = 1F03C29B21AACFD4001D8BC6 /* Contact.swift */; };
		1F03C2DA21AACFD4001D8BC6 /* ContactCell.swift in Sources */ = {isa = PBXBuildFile; fileRef = 1F03C29D21AACFD4001D8BC6 /* ContactCell.swift */; };
		1F03C2DB21AACFD4001D8BC6 /* ColorPickerViewController.swift in Sources */ = {isa = PBXBuildFile; fileRef = 1F03C29F21AACFD4001D8BC6 /* ColorPickerViewController.swift */; };
		1F03C2DC21AACFD4001D8BC6 /* DatePickerViewController.swift in Sources */ = {isa = PBXBuildFile; fileRef = 1F03C2A121AACFD4001D8BC6 /* DatePickerViewController.swift */; };
		1F03C2DD21AACFD4001D8BC6 /* ImagePickerViewController.swift in Sources */ = {isa = PBXBuildFile; fileRef = 1F03C2A321AACFD4001D8BC6 /* ImagePickerViewController.swift */; };
		1F03C2DE21AACFD4001D8BC6 /* ItemWithImage.swift in Sources */ = {isa = PBXBuildFile; fileRef = 1F03C2A521AACFD4001D8BC6 /* ItemWithImage.swift */; };
		1F03C2DF21AACFD4001D8BC6 /* PhotoLayout.swift in Sources */ = {isa = PBXBuildFile; fileRef = 1F03C2A821AACFD4001D8BC6 /* PhotoLayout.swift */; };
		1F03C2E021AACFD4001D8BC6 /* TelegramPickerViewController.swift in Sources */ = {isa = PBXBuildFile; fileRef = 1F03C2A921AACFD4001D8BC6 /* TelegramPickerViewController.swift */; };
		1F03C2E121AACFD4001D8BC6 /* ItemWithPhoto.swift in Sources */ = {isa = PBXBuildFile; fileRef = 1F03C2AB21AACFD4001D8BC6 /* ItemWithPhoto.swift */; };
		1F03C2E221AACFD4001D8BC6 /* LikeButtonCell.swift in Sources */ = {isa = PBXBuildFile; fileRef = 1F03C2AC21AACFD4001D8BC6 /* LikeButtonCell.swift */; };
		1F03C2E321AACFD4001D8BC6 /* Label.swift in Sources */ = {isa = PBXBuildFile; fileRef = 1F03C2AE21AACFD4001D8BC6 /* Label.swift */; };
		1F03C2E421AACFD4001D8BC6 /* SegmentedControl.swift in Sources */ = {isa = PBXBuildFile; fileRef = 1F03C2AF21AACFD4001D8BC6 /* SegmentedControl.swift */; };
		1F03C2E521AACFD4001D8BC6 /* GradientSlider.swift in Sources */ = {isa = PBXBuildFile; fileRef = 1F03C2B021AACFD4001D8BC6 /* GradientSlider.swift */; };
		1F03C2E621AACFD4001D8BC6 /* TextField.swift in Sources */ = {isa = PBXBuildFile; fileRef = 1F03C2B121AACFD4001D8BC6 /* TextField.swift */; };
		1F03C2E721AACFD4001D8BC6 /* Button.swift in Sources */ = {isa = PBXBuildFile; fileRef = 1F03C2B221AACFD4001D8BC6 /* Button.swift */; };
		1FEB53EF219D5C5E000672DB /* AppDelegate.swift in Sources */ = {isa = PBXBuildFile; fileRef = 1FEB53EE219D5C5E000672DB /* AppDelegate.swift */; };
		1FEB53F4219D5C5E000672DB /* Main.storyboard in Resources */ = {isa = PBXBuildFile; fileRef = 1FEB53F2219D5C5E000672DB /* Main.storyboard */; };
		1FEB53F6219D5C5F000672DB /* Assets.xcassets in Resources */ = {isa = PBXBuildFile; fileRef = 1FEB53F5219D5C5F000672DB /* Assets.xcassets */; };
		1FEB53F9219D5C5F000672DB /* LaunchScreen.storyboard in Resources */ = {isa = PBXBuildFile; fileRef = 1FEB53F7219D5C5F000672DB /* LaunchScreen.storyboard */; };
		1FEB5404219D5C5F000672DB /* PatternatorTests.swift in Sources */ = {isa = PBXBuildFile; fileRef = 1FEB5403219D5C5F000672DB /* PatternatorTests.swift */; };
		1FEB540F219D5C5F000672DB /* PatternatorUITests.swift in Sources */ = {isa = PBXBuildFile; fileRef = 1FEB540E219D5C5F000672DB /* PatternatorUITests.swift */; };
		473756CB4F28C727831AB575 /* Pods_PatternatorUITests.framework in Frameworks */ = {isa = PBXBuildFile; fileRef = 70FA4AD43324B2A480305CCB /* Pods_PatternatorUITests.framework */; };
		4A90F97F63D335DC987C38DF /* Pods_PatternatorTests.framework in Frameworks */ = {isa = PBXBuildFile; fileRef = 5C5AEAA757968BC3D7071A9C /* Pods_PatternatorTests.framework */; };
		F5224EA2D3BECF3AF958EFC2 /* Pods_Patternator.framework in Frameworks */ = {isa = PBXBuildFile; fileRef = 46D0849520780F8BDDAE99C5 /* Pods_Patternator.framework */; };
/* End PBXBuildFile section */

/* Begin PBXContainerItemProxy section */
		1FEB5400219D5C5F000672DB /* PBXContainerItemProxy */ = {
			isa = PBXContainerItemProxy;
			containerPortal = 1FEB53E3219D5C5E000672DB /* Project object */;
			proxyType = 1;
			remoteGlobalIDString = 1FEB53EA219D5C5E000672DB;
			remoteInfo = Patternator;
		};
		1FEB540B219D5C5F000672DB /* PBXContainerItemProxy */ = {
			isa = PBXContainerItemProxy;
			containerPortal = 1FEB53E3219D5C5E000672DB /* Project object */;
			proxyType = 1;
			remoteGlobalIDString = 1FEB53EA219D5C5E000672DB;
			remoteInfo = Patternator;
		};
/* End PBXContainerItemProxy section */

/* Begin PBXFileReference section */
		0FC81747736088CAB4915459 /* Pods-Patternator.debug.xcconfig */ = {isa = PBXFileReference; includeInIndex = 1; lastKnownFileType = text.xcconfig; name = "Pods-Patternator.debug.xcconfig"; path = "Pods/Target Support Files/Pods-Patternator/Pods-Patternator.debug.xcconfig"; sourceTree = "<group>"; };
		1F03C25321AACF4C001D8BC6 /* Extensions.swift */ = {isa = PBXFileReference; fileEncoding = 4; lastKnownFileType = sourcecode.swift; path = Extensions.swift; sourceTree = "<group>"; };
		1F03C25521AACF4C001D8BC6 /* BaseViewController.swift */ = {isa = PBXFileReference; fileEncoding = 4; lastKnownFileType = sourcecode.swift; path = BaseViewController.swift; sourceTree = "<group>"; };
		1F03C25621AACF4C001D8BC6 /* PreviewViewController.swift */ = {isa = PBXFileReference; fileEncoding = 4; lastKnownFileType = sourcecode.swift; path = PreviewViewController.swift; sourceTree = "<group>"; };
		1F03C25721AACF4C001D8BC6 /* SelectTypeViewController.swift */ = {isa = PBXFileReference; fileEncoding = 4; lastKnownFileType = sourcecode.swift; path = SelectTypeViewController.swift; sourceTree = "<group>"; };
		1F03C25821AACF4C001D8BC6 /* SelectLogoViewController.swift */ = {isa = PBXFileReference; fileEncoding = 4; lastKnownFileType = sourcecode.swift; path = SelectLogoViewController.swift; sourceTree = "<group>"; };
		1F03C25A21AACF4C001D8BC6 /* LogoCollectionViewCell.swift */ = {isa = PBXFileReference; fileEncoding = 4; lastKnownFileType = sourcecode.swift; path = LogoCollectionViewCell.swift; sourceTree = "<group>"; };
		1F03C26421AACFD4001D8BC6 /* Array+Extensions.swift */ = {isa = PBXFileReference; fileEncoding = 4; lastKnownFileType = sourcecode.swift; path = "Array+Extensions.swift"; sourceTree = "<group>"; };
		1F03C26521AACFD4001D8BC6 /* UISegmentedControl+Extensions.swift */ = {isa = PBXFileReference; fileEncoding = 4; lastKnownFileType = sourcecode.swift; path = "UISegmentedControl+Extensions.swift"; sourceTree = "<group>"; };
		1F03C26621AACFD4001D8BC6 /* UIImageView+Extensions.swift */ = {isa = PBXFileReference; fileEncoding = 4; lastKnownFileType = sourcecode.swift; path = "UIImageView+Extensions.swift"; sourceTree = "<group>"; };
		1F03C26721AACFD4001D8BC6 /* UIViewController+Extensions.swift */ = {isa = PBXFileReference; fileEncoding = 4; lastKnownFileType = sourcecode.swift; path = "UIViewController+Extensions.swift"; sourceTree = "<group>"; };
		1F03C26821AACFD4001D8BC6 /* UIView+Extensions.swift */ = {isa = PBXFileReference; fileEncoding = 4; lastKnownFileType = sourcecode.swift; path = "UIView+Extensions.swift"; sourceTree = "<group>"; };
		1F03C26921AACFD4001D8BC6 /* Date+Extension.swift */ = {isa = PBXFileReference; fileEncoding = 4; lastKnownFileType = sourcecode.swift; path = "Date+Extension.swift"; sourceTree = "<group>"; };
		1F03C26A21AACFD4001D8BC6 /* String+Extensions.swift */ = {isa = PBXFileReference; fileEncoding = 4; lastKnownFileType = sourcecode.swift; path = "String+Extensions.swift"; sourceTree = "<group>"; };
		1F03C26B21AACFD4001D8BC6 /* UITextView+Extensions.swift */ = {isa = PBXFileReference; fileEncoding = 4; lastKnownFileType = sourcecode.swift; path = "UITextView+Extensions.swift"; sourceTree = "<group>"; };
		1F03C26C21AACFD4001D8BC6 /* UIColor+Extensions.swift */ = {isa = PBXFileReference; fileEncoding = 4; lastKnownFileType = sourcecode.swift; path = "UIColor+Extensions.swift"; sourceTree = "<group>"; };
		1F03C26D21AACFD4001D8BC6 /* UIImage+Extensions.swift */ = {isa = PBXFileReference; fileEncoding = 4; lastKnownFileType = sourcecode.swift; path = "UIImage+Extensions.swift"; sourceTree = "<group>"; };
		1F03C26E21AACFD4001D8BC6 /* UISearchBar+Extensions.swift */ = {isa = PBXFileReference; fileEncoding = 4; lastKnownFileType = sourcecode.swift; path = "UISearchBar+Extensions.swift"; sourceTree = "<group>"; };
		1F03C26F21AACFD4001D8BC6 /* UIApplication+Extensions.swift */ = {isa = PBXFileReference; fileEncoding = 4; lastKnownFileType = sourcecode.swift; path = "UIApplication+Extensions.swift"; sourceTree = "<group>"; };
		1F03C27021AACFD4001D8BC6 /* UIAlertController+Extensions.swift */ = {isa = PBXFileReference; fileEncoding = 4; lastKnownFileType = sourcecode.swift; path = "UIAlertController+Extensions.swift"; sourceTree = "<group>"; };
		1F03C27121AACFD4001D8BC6 /* Optional+Extensions.swift */ = {isa = PBXFileReference; fileEncoding = 4; lastKnownFileType = sourcecode.swift; path = "Optional+Extensions.swift"; sourceTree = "<group>"; };
		1F03C27221AACFD4001D8BC6 /* Common+Extensions.swift */ = {isa = PBXFileReference; fileEncoding = 4; lastKnownFileType = sourcecode.swift; path = "Common+Extensions.swift"; sourceTree = "<group>"; };
		1F03C27321AACFD4001D8BC6 /* Locale+Extensions.swift */ = {isa = PBXFileReference; fileEncoding = 4; lastKnownFileType = sourcecode.swift; path = "Locale+Extensions.swift"; sourceTree = "<group>"; };
		1F03C27421AACFD4001D8BC6 /* UITextField+Extensions.swift */ = {isa = PBXFileReference; fileEncoding = 4; lastKnownFileType = sourcecode.swift; path = "UITextField+Extensions.swift"; sourceTree = "<group>"; };
		1F03C27721AACFD4001D8BC6 /* AttributedTextBlock.swift */ = {isa = PBXFileReference; fileEncoding = 4; lastKnownFileType = sourcecode.swift; path = AttributedTextBlock.swift; sourceTree = "<group>"; };
		1F03C27821AACFD4001D8BC6 /* TextViewController.swift */ = {isa = PBXFileReference; fileEncoding = 4; lastKnownFileType = sourcecode.swift; path = TextViewController.swift; sourceTree = "<group>"; };
		1F03C27B21AACFD4001D8BC6 /* Countries.bundle */ = {isa = PBXFileReference; lastKnownFileType = "wrapper.plug-in"; path = Countries.bundle; sourceTree = "<group>"; };
		1F03C27D21AACFD4001D8BC6 /* LocaleStore.swift */ = {isa = PBXFileReference; fileEncoding = 4; lastKnownFileType = sourcecode.swift; path = LocaleStore.swift; sourceTree = "<group>"; };
		1F03C27F21AACFD4001D8BC6 /* LocaleInfo.swift */ = {isa = PBXFileReference; fileEncoding = 4; lastKnownFileType = sourcecode.swift; path = LocaleInfo.swift; sourceTree = "<group>"; };
		1F03C28021AACFD4001D8BC6 /* LocalePickerViewController.swift */ = {isa = PBXFileReference; fileEncoding = 4; lastKnownFileType = sourcecode.swift; path = LocalePickerViewController.swift; sourceTree = "<group>"; };
		1F03C28221AACFD4001D8BC6 /* PhoneCodeCell.swift */ = {isa = PBXFileReference; fileEncoding = 4; lastKnownFileType = sourcecode.swift; path = PhoneCodeCell.swift; sourceTree = "<group>"; };
		1F03C28321AACFD4001D8BC6 /* CurrencyCell.swift */ = {isa = PBXFileReference; fileEncoding = 4; lastKnownFileType = sourcecode.swift; path = CurrencyCell.swift; sourceTree = "<group>"; };
		1F03C28421AACFD4001D8BC6 /* CountryCell.swift */ = {isa = PBXFileReference; fileEncoding = 4; lastKnownFileType = sourcecode.swift; path = CountryCell.swift; sourceTree = "<group>"; };
		1F03C28621AACFD4001D8BC6 /* TwoTextFieldsViewController.swift */ = {isa = PBXFileReference; fileEncoding = 4; lastKnownFileType = sourcecode.swift; path = TwoTextFieldsViewController.swift; sourceTree = "<group>"; };
		1F03C28721AACFD4001D8BC6 /* OneTextFieldViewController.swift */ = {isa = PBXFileReference; fileEncoding = 4; lastKnownFileType = sourcecode.swift; path = OneTextFieldViewController.swift; sourceTree = "<group>"; };
		1F03C28A21AACFD4001D8BC6 /* Assets.swift */ = {isa = PBXFileReference; fileEncoding = 4; lastKnownFileType = sourcecode.swift; path = Assets.swift; sourceTree = "<group>"; };
		1F03C28B21AACFD4001D8BC6 /* PhotoLibraryPickerViewController.swift */ = {isa = PBXFileReference; fileEncoding = 4; lastKnownFileType = sourcecode.swift; path = PhotoLibraryPickerViewController.swift; sourceTree = "<group>"; };
		1F03C28D21AACFD4001D8BC6 /* LocationSearchResultsViewController.swift */ = {isa = PBXFileReference; fileEncoding = 4; lastKnownFileType = sourcecode.swift; path = LocationSearchResultsViewController.swift; sourceTree = "<group>"; };
		1F03C28E21AACFD4001D8BC6 /* LocationPickerViewController.swift */ = {isa = PBXFileReference; fileEncoding = 4; lastKnownFileType = sourcecode.swift; path = LocationPickerViewController.swift; sourceTree = "<group>"; };
		1F03C29021AACFD4001D8BC6 /* SearchHistoryManager.swift */ = {isa = PBXFileReference; fileEncoding = 4; lastKnownFileType = sourcecode.swift; path = SearchHistoryManager.swift; sourceTree = "<group>"; };
		1F03C29221AACFD4001D8BC6 /* Location.swift */ = {isa = PBXFileReference; fileEncoding = 4; lastKnownFileType = sourcecode.swift; path = Location.swift; sourceTree = "<group>"; };
		1F03C29321AACFD4001D8BC6 /* Address.swift */ = {isa = PBXFileReference; fileEncoding = 4; lastKnownFileType = sourcecode.swift; path = Address.swift; sourceTree = "<group>"; };
		1F03C29521AACFD4001D8BC6 /* PickerViewViewController.swift */ = {isa = PBXFileReference; fileEncoding = 4; lastKnownFileType = sourcecode.swift; path = PickerViewViewController.swift; sourceTree = "<group>"; };
		1F03C29721AACFD4001D8BC6 /* ContactsPickerViewController.swift */ = {isa = PBXFileReference; fileEncoding = 4; lastKnownFileType = sourcecode.swift; path = ContactsPickerViewController.swift; sourceTree = "<group>"; };
		1F03C29921AACFD4001D8BC6 /* Contacts.swift */ = {isa = PBXFileReference; fileEncoding = 4; lastKnownFileType = sourcecode.swift; path = Contacts.swift; sourceTree = "<group>"; };
		1F03C29B21AACFD4001D8BC6 /* Contact.swift */ = {isa = PBXFileReference; fileEncoding = 4; lastKnownFileType = sourcecode.swift; path = Contact.swift; sourceTree = "<group>"; };
		1F03C29D21AACFD4001D8BC6 /* ContactCell.swift */ = {isa = PBXFileReference; fileEncoding = 4; lastKnownFileType = sourcecode.swift; path = ContactCell.swift; sourceTree = "<group>"; };
		1F03C29F21AACFD4001D8BC6 /* ColorPickerViewController.swift */ = {isa = PBXFileReference; fileEncoding = 4; lastKnownFileType = sourcecode.swift; path = ColorPickerViewController.swift; sourceTree = "<group>"; };
		1F03C2A121AACFD4001D8BC6 /* DatePickerViewController.swift */ = {isa = PBXFileReference; fileEncoding = 4; lastKnownFileType = sourcecode.swift; path = DatePickerViewController.swift; sourceTree = "<group>"; };
		1F03C2A321AACFD4001D8BC6 /* ImagePickerViewController.swift */ = {isa = PBXFileReference; fileEncoding = 4; lastKnownFileType = sourcecode.swift; path = ImagePickerViewController.swift; sourceTree = "<group>"; };
		1F03C2A521AACFD4001D8BC6 /* ItemWithImage.swift */ = {isa = PBXFileReference; fileEncoding = 4; lastKnownFileType = sourcecode.swift; path = ItemWithImage.swift; sourceTree = "<group>"; };
		1F03C2A821AACFD4001D8BC6 /* PhotoLayout.swift */ = {isa = PBXFileReference; fileEncoding = 4; lastKnownFileType = sourcecode.swift; path = PhotoLayout.swift; sourceTree = "<group>"; };
		1F03C2A921AACFD4001D8BC6 /* TelegramPickerViewController.swift */ = {isa = PBXFileReference; fileEncoding = 4; lastKnownFileType = sourcecode.swift; path = TelegramPickerViewController.swift; sourceTree = "<group>"; };
		1F03C2AB21AACFD4001D8BC6 /* ItemWithPhoto.swift */ = {isa = PBXFileReference; fileEncoding = 4; lastKnownFileType = sourcecode.swift; path = ItemWithPhoto.swift; sourceTree = "<group>"; };
		1F03C2AC21AACFD4001D8BC6 /* LikeButtonCell.swift */ = {isa = PBXFileReference; fileEncoding = 4; lastKnownFileType = sourcecode.swift; path = LikeButtonCell.swift; sourceTree = "<group>"; };
		1F03C2AE21AACFD4001D8BC6 /* Label.swift */ = {isa = PBXFileReference; fileEncoding = 4; lastKnownFileType = sourcecode.swift; path = Label.swift; sourceTree = "<group>"; };
		1F03C2AF21AACFD4001D8BC6 /* SegmentedControl.swift */ = {isa = PBXFileReference; fileEncoding = 4; lastKnownFileType = sourcecode.swift; path = SegmentedControl.swift; sourceTree = "<group>"; };
		1F03C2B021AACFD4001D8BC6 /* GradientSlider.swift */ = {isa = PBXFileReference; fileEncoding = 4; lastKnownFileType = sourcecode.swift; path = GradientSlider.swift; sourceTree = "<group>"; };
		1F03C2B121AACFD4001D8BC6 /* TextField.swift */ = {isa = PBXFileReference; fileEncoding = 4; lastKnownFileType = sourcecode.swift; path = TextField.swift; sourceTree = "<group>"; };
		1F03C2B221AACFD4001D8BC6 /* Button.swift */ = {isa = PBXFileReference; fileEncoding = 4; lastKnownFileType = sourcecode.swift; path = Button.swift; sourceTree = "<group>"; };
		1FEB53EB219D5C5E000672DB /* Patternator.app */ = {isa = PBXFileReference; explicitFileType = wrapper.application; includeInIndex = 0; path = Patternator.app; sourceTree = BUILT_PRODUCTS_DIR; };
		1FEB53EE219D5C5E000672DB /* AppDelegate.swift */ = {isa = PBXFileReference; lastKnownFileType = sourcecode.swift; path = AppDelegate.swift; sourceTree = "<group>"; };
		1FEB53F3219D5C5E000672DB /* Base */ = {isa = PBXFileReference; lastKnownFileType = file.storyboard; name = Base; path = Base.lproj/Main.storyboard; sourceTree = "<group>"; };
		1FEB53F5219D5C5F000672DB /* Assets.xcassets */ = {isa = PBXFileReference; lastKnownFileType = folder.assetcatalog; path = Assets.xcassets; sourceTree = "<group>"; };
		1FEB53F8219D5C5F000672DB /* Base */ = {isa = PBXFileReference; lastKnownFileType = file.storyboard; name = Base; path = Base.lproj/LaunchScreen.storyboard; sourceTree = "<group>"; };
		1FEB53FA219D5C5F000672DB /* Info.plist */ = {isa = PBXFileReference; lastKnownFileType = text.plist.xml; path = Info.plist; sourceTree = "<group>"; };
		1FEB53FF219D5C5F000672DB /* PatternatorTests.xctest */ = {isa = PBXFileReference; explicitFileType = wrapper.cfbundle; includeInIndex = 0; path = PatternatorTests.xctest; sourceTree = BUILT_PRODUCTS_DIR; };
		1FEB5403219D5C5F000672DB /* PatternatorTests.swift */ = {isa = PBXFileReference; lastKnownFileType = sourcecode.swift; path = PatternatorTests.swift; sourceTree = "<group>"; };
		1FEB5405219D5C5F000672DB /* Info.plist */ = {isa = PBXFileReference; lastKnownFileType = text.plist.xml; path = Info.plist; sourceTree = "<group>"; };
		1FEB540A219D5C5F000672DB /* PatternatorUITests.xctest */ = {isa = PBXFileReference; explicitFileType = wrapper.cfbundle; includeInIndex = 0; path = PatternatorUITests.xctest; sourceTree = BUILT_PRODUCTS_DIR; };
		1FEB540E219D5C5F000672DB /* PatternatorUITests.swift */ = {isa = PBXFileReference; lastKnownFileType = sourcecode.swift; path = PatternatorUITests.swift; sourceTree = "<group>"; };
		1FEB5410219D5C5F000672DB /* Info.plist */ = {isa = PBXFileReference; lastKnownFileType = text.plist.xml; path = Info.plist; sourceTree = "<group>"; };
		3553A62AB4B3F784D199069E /* Pods-PatternatorTests.debug.xcconfig */ = {isa = PBXFileReference; includeInIndex = 1; lastKnownFileType = text.xcconfig; name = "Pods-PatternatorTests.debug.xcconfig"; path = "Pods/Target Support Files/Pods-PatternatorTests/Pods-PatternatorTests.debug.xcconfig"; sourceTree = "<group>"; };
		46D0849520780F8BDDAE99C5 /* Pods_Patternator.framework */ = {isa = PBXFileReference; explicitFileType = wrapper.framework; includeInIndex = 0; path = Pods_Patternator.framework; sourceTree = BUILT_PRODUCTS_DIR; };
		5C5AEAA757968BC3D7071A9C /* Pods_PatternatorTests.framework */ = {isa = PBXFileReference; explicitFileType = wrapper.framework; includeInIndex = 0; path = Pods_PatternatorTests.framework; sourceTree = BUILT_PRODUCTS_DIR; };
		70FA4AD43324B2A480305CCB /* Pods_PatternatorUITests.framework */ = {isa = PBXFileReference; explicitFileType = wrapper.framework; includeInIndex = 0; path = Pods_PatternatorUITests.framework; sourceTree = BUILT_PRODUCTS_DIR; };
		7D57FFE5C38BD256704593CA /* Pods-PatternatorTests.release.xcconfig */ = {isa = PBXFileReference; includeInIndex = 1; lastKnownFileType = text.xcconfig; name = "Pods-PatternatorTests.release.xcconfig"; path = "Pods/Target Support Files/Pods-PatternatorTests/Pods-PatternatorTests.release.xcconfig"; sourceTree = "<group>"; };
		AF3C4542BC826903E886E55F /* Pods-PatternatorUITests.release.xcconfig */ = {isa = PBXFileReference; includeInIndex = 1; lastKnownFileType = text.xcconfig; name = "Pods-PatternatorUITests.release.xcconfig"; path = "Pods/Target Support Files/Pods-PatternatorUITests/Pods-PatternatorUITests.release.xcconfig"; sourceTree = "<group>"; };
		C79B5B4CE318A9B6BE36309E /* Pods-Patternator.release.xcconfig */ = {isa = PBXFileReference; includeInIndex = 1; lastKnownFileType = text.xcconfig; name = "Pods-Patternator.release.xcconfig"; path = "Pods/Target Support Files/Pods-Patternator/Pods-Patternator.release.xcconfig"; sourceTree = "<group>"; };
		D7984A279DD1483E9171F00B /* Pods-PatternatorUITests.debug.xcconfig */ = {isa = PBXFileReference; includeInIndex = 1; lastKnownFileType = text.xcconfig; name = "Pods-PatternatorUITests.debug.xcconfig"; path = "Pods/Target Support Files/Pods-PatternatorUITests/Pods-PatternatorUITests.debug.xcconfig"; sourceTree = "<group>"; };
/* End PBXFileReference section */

/* Begin PBXFrameworksBuildPhase section */
		1FEB53E8219D5C5E000672DB /* Frameworks */ = {
			isa = PBXFrameworksBuildPhase;
			buildActionMask = 2147483647;
			files = (
				F5224EA2D3BECF3AF958EFC2 /* Pods_Patternator.framework in Frameworks */,
			);
			runOnlyForDeploymentPostprocessing = 0;
		};
		1FEB53FC219D5C5F000672DB /* Frameworks */ = {
			isa = PBXFrameworksBuildPhase;
			buildActionMask = 2147483647;
			files = (
				4A90F97F63D335DC987C38DF /* Pods_PatternatorTests.framework in Frameworks */,
			);
			runOnlyForDeploymentPostprocessing = 0;
		};
		1FEB5407219D5C5F000672DB /* Frameworks */ = {
			isa = PBXFrameworksBuildPhase;
			buildActionMask = 2147483647;
			files = (
				473756CB4F28C727831AB575 /* Pods_PatternatorUITests.framework in Frameworks */,
			);
			runOnlyForDeploymentPostprocessing = 0;
		};
/* End PBXFrameworksBuildPhase section */

/* Begin PBXGroup section */
		1F03C25221AACF4C001D8BC6 /* Common */ = {
			isa = PBXGroup;
			children = (
				1F03C25321AACF4C001D8BC6 /* Extensions.swift */,
			);
			path = Common;
			sourceTree = "<group>";
		};
		1F03C25421AACF4C001D8BC6 /* Controllers */ = {
			isa = PBXGroup;
			children = (
				1F03C25521AACF4C001D8BC6 /* BaseViewController.swift */,
				1F03C25621AACF4C001D8BC6 /* PreviewViewController.swift */,
				1F03C25721AACF4C001D8BC6 /* SelectTypeViewController.swift */,
				1F03C25821AACF4C001D8BC6 /* SelectLogoViewController.swift */,
			);
			path = Controllers;
			sourceTree = "<group>";
		};
		1F03C25921AACF4C001D8BC6 /* Views */ = {
			isa = PBXGroup;
			children = (
				1F03C25A21AACF4C001D8BC6 /* LogoCollectionViewCell.swift */,
			);
			path = Views;
			sourceTree = "<group>";
		};
		1F03C26121AACFD4001D8BC6 /* Library */ = {
			isa = PBXGroup;
			children = (
				1F03C26221AACFD4001D8BC6 /* AlertsAndPickers */,
			);
			path = Library;
			sourceTree = "<group>";
		};
		1F03C26221AACFD4001D8BC6 /* AlertsAndPickers */ = {
			isa = PBXGroup;
			children = (
				1F03C26321AACFD4001D8BC6 /* Extensions */,
				1F03C27521AACFD4001D8BC6 /* Viewers */,
				1F03C27921AACFD4001D8BC6 /* Pickers */,
				1F03C2AD21AACFD4001D8BC6 /* Views */,
			);
			path = AlertsAndPickers;
			sourceTree = "<group>";
		};
		1F03C26321AACFD4001D8BC6 /* Extensions */ = {
			isa = PBXGroup;
			children = (
				1F03C26421AACFD4001D8BC6 /* Array+Extensions.swift */,
				1F03C26521AACFD4001D8BC6 /* UISegmentedControl+Extensions.swift */,
				1F03C26621AACFD4001D8BC6 /* UIImageView+Extensions.swift */,
				1F03C26721AACFD4001D8BC6 /* UIViewController+Extensions.swift */,
				1F03C26821AACFD4001D8BC6 /* UIView+Extensions.swift */,
				1F03C26921AACFD4001D8BC6 /* Date+Extension.swift */,
				1F03C26A21AACFD4001D8BC6 /* String+Extensions.swift */,
				1F03C26B21AACFD4001D8BC6 /* UITextView+Extensions.swift */,
				1F03C26C21AACFD4001D8BC6 /* UIColor+Extensions.swift */,
				1F03C26D21AACFD4001D8BC6 /* UIImage+Extensions.swift */,
				1F03C26E21AACFD4001D8BC6 /* UISearchBar+Extensions.swift */,
				1F03C26F21AACFD4001D8BC6 /* UIApplication+Extensions.swift */,
				1F03C27021AACFD4001D8BC6 /* UIAlertController+Extensions.swift */,
				1F03C27121AACFD4001D8BC6 /* Optional+Extensions.swift */,
				1F03C27221AACFD4001D8BC6 /* Common+Extensions.swift */,
				1F03C27321AACFD4001D8BC6 /* Locale+Extensions.swift */,
				1F03C27421AACFD4001D8BC6 /* UITextField+Extensions.swift */,
			);
			path = Extensions;
			sourceTree = "<group>";
		};
		1F03C27521AACFD4001D8BC6 /* Viewers */ = {
			isa = PBXGroup;
			children = (
				1F03C27621AACFD4001D8BC6 /* Models */,
				1F03C27821AACFD4001D8BC6 /* TextViewController.swift */,
			);
			path = Viewers;
			sourceTree = "<group>";
		};
		1F03C27621AACFD4001D8BC6 /* Models */ = {
			isa = PBXGroup;
			children = (
				1F03C27721AACFD4001D8BC6 /* AttributedTextBlock.swift */,
			);
			path = Models;
			sourceTree = "<group>";
		};
		1F03C27921AACFD4001D8BC6 /* Pickers */ = {
			isa = PBXGroup;
			children = (
				1F03C27A21AACFD4001D8BC6 /* Locale */,
				1F03C28521AACFD4001D8BC6 /* TextFields */,
				1F03C28821AACFD4001D8BC6 /* PhotoLibrary */,
				1F03C28C21AACFD4001D8BC6 /* Location */,
				1F03C29421AACFD4001D8BC6 /* PickerView */,
				1F03C29621AACFD4001D8BC6 /* Contacts */,
				1F03C29E21AACFD4001D8BC6 /* Color */,
				1F03C2A021AACFD4001D8BC6 /* Date */,
				1F03C2A221AACFD4001D8BC6 /* Image */,
				1F03C2A621AACFD4001D8BC6 /* Telegram */,
			);
			path = Pickers;
			sourceTree = "<group>";
		};
		1F03C27A21AACFD4001D8BC6 /* Locale */ = {
			isa = PBXGroup;
			children = (
				1F03C27B21AACFD4001D8BC6 /* Countries.bundle */,
				1F03C27C21AACFD4001D8BC6 /* Managers */,
				1F03C27E21AACFD4001D8BC6 /* Models */,
				1F03C28021AACFD4001D8BC6 /* LocalePickerViewController.swift */,
				1F03C28121AACFD4001D8BC6 /* Views */,
			);
			path = Locale;
			sourceTree = "<group>";
		};
		1F03C27C21AACFD4001D8BC6 /* Managers */ = {
			isa = PBXGroup;
			children = (
				1F03C27D21AACFD4001D8BC6 /* LocaleStore.swift */,
			);
			path = Managers;
			sourceTree = "<group>";
		};
		1F03C27E21AACFD4001D8BC6 /* Models */ = {
			isa = PBXGroup;
			children = (
				1F03C27F21AACFD4001D8BC6 /* LocaleInfo.swift */,
			);
			path = Models;
			sourceTree = "<group>";
		};
		1F03C28121AACFD4001D8BC6 /* Views */ = {
			isa = PBXGroup;
			children = (
				1F03C28221AACFD4001D8BC6 /* PhoneCodeCell.swift */,
				1F03C28321AACFD4001D8BC6 /* CurrencyCell.swift */,
				1F03C28421AACFD4001D8BC6 /* CountryCell.swift */,
			);
			path = Views;
			sourceTree = "<group>";
		};
		1F03C28521AACFD4001D8BC6 /* TextFields */ = {
			isa = PBXGroup;
			children = (
				1F03C28621AACFD4001D8BC6 /* TwoTextFieldsViewController.swift */,
				1F03C28721AACFD4001D8BC6 /* OneTextFieldViewController.swift */,
			);
			path = TextFields;
			sourceTree = "<group>";
		};
		1F03C28821AACFD4001D8BC6 /* PhotoLibrary */ = {
			isa = PBXGroup;
			children = (
				1F03C28921AACFD4001D8BC6 /* Managers */,
				1F03C28B21AACFD4001D8BC6 /* PhotoLibraryPickerViewController.swift */,
			);
			path = PhotoLibrary;
			sourceTree = "<group>";
		};
		1F03C28921AACFD4001D8BC6 /* Managers */ = {
			isa = PBXGroup;
			children = (
				1F03C28A21AACFD4001D8BC6 /* Assets.swift */,
			);
			path = Managers;
			sourceTree = "<group>";
		};
		1F03C28C21AACFD4001D8BC6 /* Location */ = {
			isa = PBXGroup;
			children = (
				1F03C28D21AACFD4001D8BC6 /* LocationSearchResultsViewController.swift */,
				1F03C28E21AACFD4001D8BC6 /* LocationPickerViewController.swift */,
				1F03C28F21AACFD4001D8BC6 /* Managers */,
				1F03C29121AACFD4001D8BC6 /* Models */,
			);
			path = Location;
			sourceTree = "<group>";
		};
		1F03C28F21AACFD4001D8BC6 /* Managers */ = {
			isa = PBXGroup;
			children = (
				1F03C29021AACFD4001D8BC6 /* SearchHistoryManager.swift */,
			);
			path = Managers;
			sourceTree = "<group>";
		};
		1F03C29121AACFD4001D8BC6 /* Models */ = {
			isa = PBXGroup;
			children = (
				1F03C29221AACFD4001D8BC6 /* Location.swift */,
				1F03C29321AACFD4001D8BC6 /* Address.swift */,
			);
			path = Models;
			sourceTree = "<group>";
		};
		1F03C29421AACFD4001D8BC6 /* PickerView */ = {
			isa = PBXGroup;
			children = (
				1F03C29521AACFD4001D8BC6 /* PickerViewViewController.swift */,
			);
			path = PickerView;
			sourceTree = "<group>";
		};
		1F03C29621AACFD4001D8BC6 /* Contacts */ = {
			isa = PBXGroup;
			children = (
				1F03C29721AACFD4001D8BC6 /* ContactsPickerViewController.swift */,
				1F03C29821AACFD4001D8BC6 /* Managers */,
				1F03C29A21AACFD4001D8BC6 /* Models */,
				1F03C29C21AACFD4001D8BC6 /* Views */,
			);
			path = Contacts;
			sourceTree = "<group>";
		};
		1F03C29821AACFD4001D8BC6 /* Managers */ = {
			isa = PBXGroup;
			children = (
				1F03C29921AACFD4001D8BC6 /* Contacts.swift */,
			);
			path = Managers;
			sourceTree = "<group>";
		};
		1F03C29A21AACFD4001D8BC6 /* Models */ = {
			isa = PBXGroup;
			children = (
				1F03C29B21AACFD4001D8BC6 /* Contact.swift */,
			);
			path = Models;
			sourceTree = "<group>";
		};
		1F03C29C21AACFD4001D8BC6 /* Views */ = {
			isa = PBXGroup;
			children = (
				1F03C29D21AACFD4001D8BC6 /* ContactCell.swift */,
			);
			path = Views;
			sourceTree = "<group>";
		};
		1F03C29E21AACFD4001D8BC6 /* Color */ = {
			isa = PBXGroup;
			children = (
				1F03C29F21AACFD4001D8BC6 /* ColorPickerViewController.swift */,
			);
			path = Color;
			sourceTree = "<group>";
		};
		1F03C2A021AACFD4001D8BC6 /* Date */ = {
			isa = PBXGroup;
			children = (
				1F03C2A121AACFD4001D8BC6 /* DatePickerViewController.swift */,
			);
			path = Date;
			sourceTree = "<group>";
		};
		1F03C2A221AACFD4001D8BC6 /* Image */ = {
			isa = PBXGroup;
			children = (
				1F03C2A321AACFD4001D8BC6 /* ImagePickerViewController.swift */,
				1F03C2A421AACFD4001D8BC6 /* Views */,
			);
			path = Image;
			sourceTree = "<group>";
		};
		1F03C2A421AACFD4001D8BC6 /* Views */ = {
			isa = PBXGroup;
			children = (
				1F03C2A521AACFD4001D8BC6 /* ItemWithImage.swift */,
			);
			path = Views;
			sourceTree = "<group>";
		};
		1F03C2A621AACFD4001D8BC6 /* Telegram */ = {
			isa = PBXGroup;
			children = (
				1F03C2A721AACFD4001D8BC6 /* Layouts */,
				1F03C2A921AACFD4001D8BC6 /* TelegramPickerViewController.swift */,
				1F03C2AA21AACFD4001D8BC6 /* Views */,
			);
			path = Telegram;
			sourceTree = "<group>";
		};
		1F03C2A721AACFD4001D8BC6 /* Layouts */ = {
			isa = PBXGroup;
			children = (
				1F03C2A821AACFD4001D8BC6 /* PhotoLayout.swift */,
			);
			path = Layouts;
			sourceTree = "<group>";
		};
		1F03C2AA21AACFD4001D8BC6 /* Views */ = {
			isa = PBXGroup;
			children = (
				1F03C2AB21AACFD4001D8BC6 /* ItemWithPhoto.swift */,
				1F03C2AC21AACFD4001D8BC6 /* LikeButtonCell.swift */,
			);
			path = Views;
			sourceTree = "<group>";
		};
		1F03C2AD21AACFD4001D8BC6 /* Views */ = {
			isa = PBXGroup;
			children = (
				1F03C2AE21AACFD4001D8BC6 /* Label.swift */,
				1F03C2AF21AACFD4001D8BC6 /* SegmentedControl.swift */,
				1F03C2B021AACFD4001D8BC6 /* GradientSlider.swift */,
				1F03C2B121AACFD4001D8BC6 /* TextField.swift */,
				1F03C2B221AACFD4001D8BC6 /* Button.swift */,
			);
			path = Views;
			sourceTree = "<group>";
		};
		1FEB53E2219D5C5E000672DB = {
			isa = PBXGroup;
			children = (
				1FEB53ED219D5C5E000672DB /* Patternator */,
				1FEB5402219D5C5F000672DB /* PatternatorTests */,
				1FEB540D219D5C5F000672DB /* PatternatorUITests */,
				1FEB53EC219D5C5E000672DB /* Products */,
				2AF44304C0423A6B4E105EAE /* Pods */,
				FF65B74EDCAE7EC83B9623F5 /* Frameworks */,
			);
			sourceTree = "<group>";
		};
		1FEB53EC219D5C5E000672DB /* Products */ = {
			isa = PBXGroup;
			children = (
				1FEB53EB219D5C5E000672DB /* Patternator.app */,
				1FEB53FF219D5C5F000672DB /* PatternatorTests.xctest */,
				1FEB540A219D5C5F000672DB /* PatternatorUITests.xctest */,
			);
			name = Products;
			sourceTree = "<group>";
		};
		1FEB53ED219D5C5E000672DB /* Patternator */ = {
			isa = PBXGroup;
			children = (
				1FEB53EE219D5C5E000672DB /* AppDelegate.swift */,
				1F03C26121AACFD4001D8BC6 /* Library */,
				1F03C25221AACF4C001D8BC6 /* Common */,
				1F03C25421AACF4C001D8BC6 /* Controllers */,
				1F03C25921AACF4C001D8BC6 /* Views */,
				1FEB53F2219D5C5E000672DB /* Main.storyboard */,
				1FEB53F5219D5C5F000672DB /* Assets.xcassets */,
				1FEB53F7219D5C5F000672DB /* LaunchScreen.storyboard */,
				1FEB53FA219D5C5F000672DB /* Info.plist */,
			);
			path = Patternator;
			sourceTree = "<group>";
		};
		1FEB5402219D5C5F000672DB /* PatternatorTests */ = {
			isa = PBXGroup;
			children = (
				1FEB5403219D5C5F000672DB /* PatternatorTests.swift */,
				1FEB5405219D5C5F000672DB /* Info.plist */,
			);
			path = PatternatorTests;
			sourceTree = "<group>";
		};
		1FEB540D219D5C5F000672DB /* PatternatorUITests */ = {
			isa = PBXGroup;
			children = (
				1FEB540E219D5C5F000672DB /* PatternatorUITests.swift */,
				1FEB5410219D5C5F000672DB /* Info.plist */,
			);
			path = PatternatorUITests;
			sourceTree = "<group>";
		};
		2AF44304C0423A6B4E105EAE /* Pods */ = {
			isa = PBXGroup;
			children = (
				0FC81747736088CAB4915459 /* Pods-Patternator.debug.xcconfig */,
				C79B5B4CE318A9B6BE36309E /* Pods-Patternator.release.xcconfig */,
				3553A62AB4B3F784D199069E /* Pods-PatternatorTests.debug.xcconfig */,
				7D57FFE5C38BD256704593CA /* Pods-PatternatorTests.release.xcconfig */,
				D7984A279DD1483E9171F00B /* Pods-PatternatorUITests.debug.xcconfig */,
				AF3C4542BC826903E886E55F /* Pods-PatternatorUITests.release.xcconfig */,
			);
			name = Pods;
			sourceTree = "<group>";
		};
		FF65B74EDCAE7EC83B9623F5 /* Frameworks */ = {
			isa = PBXGroup;
			children = (
				46D0849520780F8BDDAE99C5 /* Pods_Patternator.framework */,
				5C5AEAA757968BC3D7071A9C /* Pods_PatternatorTests.framework */,
				70FA4AD43324B2A480305CCB /* Pods_PatternatorUITests.framework */,
			);
			name = Frameworks;
			sourceTree = "<group>";
		};
/* End PBXGroup section */

/* Begin PBXNativeTarget section */
		1FEB53EA219D5C5E000672DB /* Patternator */ = {
			isa = PBXNativeTarget;
			buildConfigurationList = 1FEB5413219D5C5F000672DB /* Build configuration list for PBXNativeTarget "Patternator" */;
			buildPhases = (
				D8251AF79DE7ABC1436815B5 /* [CP] Check Pods Manifest.lock */,
				1FEB53E7219D5C5E000672DB /* Sources */,
				1FEB53E8219D5C5E000672DB /* Frameworks */,
				1FEB53E9219D5C5E000672DB /* Resources */,
				F7478FB261D438BA77D0611A /* [CP] Embed Pods Frameworks */,
			);
			buildRules = (
			);
			dependencies = (
			);
			name = Patternator;
			productName = Patternator;
			productReference = 1FEB53EB219D5C5E000672DB /* Patternator.app */;
			productType = "com.apple.product-type.application";
		};
		1FEB53FE219D5C5F000672DB /* PatternatorTests */ = {
			isa = PBXNativeTarget;
			buildConfigurationList = 1FEB5416219D5C5F000672DB /* Build configuration list for PBXNativeTarget "PatternatorTests" */;
			buildPhases = (
				BC04E73880F53465E81C340F /* [CP] Check Pods Manifest.lock */,
				1FEB53FB219D5C5F000672DB /* Sources */,
				1FEB53FC219D5C5F000672DB /* Frameworks */,
				1FEB53FD219D5C5F000672DB /* Resources */,
			);
			buildRules = (
			);
			dependencies = (
				1FEB5401219D5C5F000672DB /* PBXTargetDependency */,
			);
			name = PatternatorTests;
			productName = PatternatorTests;
			productReference = 1FEB53FF219D5C5F000672DB /* PatternatorTests.xctest */;
			productType = "com.apple.product-type.bundle.unit-test";
		};
		1FEB5409219D5C5F000672DB /* PatternatorUITests */ = {
			isa = PBXNativeTarget;
			buildConfigurationList = 1FEB5419219D5C5F000672DB /* Build configuration list for PBXNativeTarget "PatternatorUITests" */;
			buildPhases = (
				76A96B14851FC42578BCCA1C /* [CP] Check Pods Manifest.lock */,
				1FEB5406219D5C5F000672DB /* Sources */,
				1FEB5407219D5C5F000672DB /* Frameworks */,
				1FEB5408219D5C5F000672DB /* Resources */,
			);
			buildRules = (
			);
			dependencies = (
				1FEB540C219D5C5F000672DB /* PBXTargetDependency */,
			);
			name = PatternatorUITests;
			productName = PatternatorUITests;
			productReference = 1FEB540A219D5C5F000672DB /* PatternatorUITests.xctest */;
			productType = "com.apple.product-type.bundle.ui-testing";
		};
/* End PBXNativeTarget section */

/* Begin PBXProject section */
		1FEB53E3219D5C5E000672DB /* Project object */ = {
			isa = PBXProject;
			attributes = {
				LastSwiftUpdateCheck = 1010;
				LastUpgradeCheck = 1010;
				ORGANIZATIONNAME = pilgwon;
				TargetAttributes = {
					1FEB53EA219D5C5E000672DB = {
						CreatedOnToolsVersion = 10.1;
					};
					1FEB53FE219D5C5F000672DB = {
						CreatedOnToolsVersion = 10.1;
						TestTargetID = 1FEB53EA219D5C5E000672DB;
					};
					1FEB5409219D5C5F000672DB = {
						CreatedOnToolsVersion = 10.1;
						TestTargetID = 1FEB53EA219D5C5E000672DB;
					};
				};
			};
			buildConfigurationList = 1FEB53E6219D5C5E000672DB /* Build configuration list for PBXProject "Patternator" */;
			compatibilityVersion = "Xcode 9.3";
			developmentRegion = en;
			hasScannedForEncodings = 0;
			knownRegions = (
				en,
				Base,
			);
			mainGroup = 1FEB53E2219D5C5E000672DB;
			productRefGroup = 1FEB53EC219D5C5E000672DB /* Products */;
			projectDirPath = "";
			projectRoot = "";
			targets = (
				1FEB53EA219D5C5E000672DB /* Patternator */,
				1FEB53FE219D5C5F000672DB /* PatternatorTests */,
				1FEB5409219D5C5F000672DB /* PatternatorUITests */,
			);
		};
/* End PBXProject section */

/* Begin PBXResourcesBuildPhase section */
		1FEB53E9219D5C5E000672DB /* Resources */ = {
			isa = PBXResourcesBuildPhase;
			buildActionMask = 2147483647;
			files = (
				1F03C2C621AACFD4001D8BC6 /* Countries.bundle in Resources */,
				1FEB53F9219D5C5F000672DB /* LaunchScreen.storyboard in Resources */,
				1FEB53F6219D5C5F000672DB /* Assets.xcassets in Resources */,
				1FEB53F4219D5C5E000672DB /* Main.storyboard in Resources */,
			);
			runOnlyForDeploymentPostprocessing = 0;
		};
		1FEB53FD219D5C5F000672DB /* Resources */ = {
			isa = PBXResourcesBuildPhase;
			buildActionMask = 2147483647;
			files = (
			);
			runOnlyForDeploymentPostprocessing = 0;
		};
		1FEB5408219D5C5F000672DB /* Resources */ = {
			isa = PBXResourcesBuildPhase;
			buildActionMask = 2147483647;
			files = (
			);
			runOnlyForDeploymentPostprocessing = 0;
		};
/* End PBXResourcesBuildPhase section */

/* Begin PBXShellScriptBuildPhase section */
		76A96B14851FC42578BCCA1C /* [CP] Check Pods Manifest.lock */ = {
			isa = PBXShellScriptBuildPhase;
			buildActionMask = 2147483647;
			files = (
			);
			inputFileListPaths = (
			);
			inputPaths = (
				"${PODS_PODFILE_DIR_PATH}/Podfile.lock",
				"${PODS_ROOT}/Manifest.lock",
			);
			name = "[CP] Check Pods Manifest.lock";
			outputFileListPaths = (
			);
			outputPaths = (
				"$(DERIVED_FILE_DIR)/Pods-PatternatorUITests-checkManifestLockResult.txt",
			);
			runOnlyForDeploymentPostprocessing = 0;
			shellPath = /bin/sh;
			shellScript = "diff \"${PODS_PODFILE_DIR_PATH}/Podfile.lock\" \"${PODS_ROOT}/Manifest.lock\" > /dev/null\nif [ $? != 0 ] ; then\n    # print error to STDERR\n    echo \"error: The sandbox is not in sync with the Podfile.lock. Run 'pod install' or update your CocoaPods installation.\" >&2\n    exit 1\nfi\n# This output is used by Xcode 'outputs' to avoid re-running this script phase.\necho \"SUCCESS\" > \"${SCRIPT_OUTPUT_FILE_0}\"\n";
			showEnvVarsInLog = 0;
		};
		BC04E73880F53465E81C340F /* [CP] Check Pods Manifest.lock */ = {
			isa = PBXShellScriptBuildPhase;
			buildActionMask = 2147483647;
			files = (
			);
			inputFileListPaths = (
			);
			inputPaths = (
				"${PODS_PODFILE_DIR_PATH}/Podfile.lock",
				"${PODS_ROOT}/Manifest.lock",
			);
			name = "[CP] Check Pods Manifest.lock";
			outputFileListPaths = (
			);
			outputPaths = (
				"$(DERIVED_FILE_DIR)/Pods-PatternatorTests-checkManifestLockResult.txt",
			);
			runOnlyForDeploymentPostprocessing = 0;
			shellPath = /bin/sh;
			shellScript = "diff \"${PODS_PODFILE_DIR_PATH}/Podfile.lock\" \"${PODS_ROOT}/Manifest.lock\" > /dev/null\nif [ $? != 0 ] ; then\n    # print error to STDERR\n    echo \"error: The sandbox is not in sync with the Podfile.lock. Run 'pod install' or update your CocoaPods installation.\" >&2\n    exit 1\nfi\n# This output is used by Xcode 'outputs' to avoid re-running this script phase.\necho \"SUCCESS\" > \"${SCRIPT_OUTPUT_FILE_0}\"\n";
			showEnvVarsInLog = 0;
		};
		D8251AF79DE7ABC1436815B5 /* [CP] Check Pods Manifest.lock */ = {
			isa = PBXShellScriptBuildPhase;
			buildActionMask = 2147483647;
			files = (
			);
			inputFileListPaths = (
			);
			inputPaths = (
				"${PODS_PODFILE_DIR_PATH}/Podfile.lock",
				"${PODS_ROOT}/Manifest.lock",
			);
			name = "[CP] Check Pods Manifest.lock";
			outputFileListPaths = (
			);
			outputPaths = (
				"$(DERIVED_FILE_DIR)/Pods-Patternator-checkManifestLockResult.txt",
			);
			runOnlyForDeploymentPostprocessing = 0;
			shellPath = /bin/sh;
			shellScript = "diff \"${PODS_PODFILE_DIR_PATH}/Podfile.lock\" \"${PODS_ROOT}/Manifest.lock\" > /dev/null\nif [ $? != 0 ] ; then\n    # print error to STDERR\n    echo \"error: The sandbox is not in sync with the Podfile.lock. Run 'pod install' or update your CocoaPods installation.\" >&2\n    exit 1\nfi\n# This output is used by Xcode 'outputs' to avoid re-running this script phase.\necho \"SUCCESS\" > \"${SCRIPT_OUTPUT_FILE_0}\"\n";
			showEnvVarsInLog = 0;
		};
		F7478FB261D438BA77D0611A /* [CP] Embed Pods Frameworks */ = {
			isa = PBXShellScriptBuildPhase;
			buildActionMask = 2147483647;
			files = (
			);
			inputFileListPaths = (
			);
			inputPaths = (
				"${SRCROOT}/Pods/Target Support Files/Pods-Patternator/Pods-Patternator-frameworks.sh",
				"${BUILT_PRODUCTS_DIR}/FloatingPanel/FloatingPanel.framework",
			);
			name = "[CP] Embed Pods Frameworks";
			outputFileListPaths = (
			);
			outputPaths = (
				"${TARGET_BUILD_DIR}/${FRAMEWORKS_FOLDER_PATH}/FloatingPanel.framework",
			);
			runOnlyForDeploymentPostprocessing = 0;
			shellPath = /bin/sh;
			shellScript = "\"${SRCROOT}/Pods/Target Support Files/Pods-Patternator/Pods-Patternator-frameworks.sh\"\n";
			showEnvVarsInLog = 0;
		};
/* End PBXShellScriptBuildPhase section */

/* Begin PBXSourcesBuildPhase section */
		1FEB53E7219D5C5E000672DB /* Sources */ = {
			isa = PBXSourcesBuildPhase;
			buildActionMask = 2147483647;
			files = (
				1F03C2CC21AACFD4001D8BC6 /* CountryCell.swift in Sources */,
				1F03C2E721AACFD4001D8BC6 /* Button.swift in Sources */,
				1F03C2B521AACFD4001D8BC6 /* UIImageView+Extensions.swift in Sources */,
				1F03C2E221AACFD4001D8BC6 /* LikeButtonCell.swift in Sources */,
				1F03C2D421AACFD4001D8BC6 /* Location.swift in Sources */,
				1F03C2DF21AACFD4001D8BC6 /* PhotoLayout.swift in Sources */,
				1F03C2BA21AACFD4001D8BC6 /* UITextView+Extensions.swift in Sources */,
				1F03C2C221AACFD4001D8BC6 /* Locale+Extensions.swift in Sources */,
				1F03C2D321AACFD4001D8BC6 /* SearchHistoryManager.swift in Sources */,
				1F03C2CA21AACFD4001D8BC6 /* PhoneCodeCell.swift in Sources */,
				1F03C2BE21AACFD4001D8BC6 /* UIApplication+Extensions.swift in Sources */,
				1FEB53EF219D5C5E000672DB /* AppDelegate.swift in Sources */,
				1F03C2B821AACFD4001D8BC6 /* Date+Extension.swift in Sources */,
				1F03C2CF21AACFD4001D8BC6 /* Assets.swift in Sources */,
				1F03C2DB21AACFD4001D8BC6 /* ColorPickerViewController.swift in Sources */,
				1F03C25F21AACF4C001D8BC6 /* SelectLogoViewController.swift in Sources */,
				1F03C26021AACF4C001D8BC6 /* LogoCollectionViewCell.swift in Sources */,
				1F03C2DE21AACFD4001D8BC6 /* ItemWithImage.swift in Sources */,
				1F03C2D221AACFD4001D8BC6 /* LocationPickerViewController.swift in Sources */,
				1F03C2B321AACFD4001D8BC6 /* Array+Extensions.swift in Sources */,
				1F03C2C321AACFD4001D8BC6 /* UITextField+Extensions.swift in Sources */,
				1F03C2E121AACFD4001D8BC6 /* ItemWithPhoto.swift in Sources */,
				1F03C2CD21AACFD4001D8BC6 /* TwoTextFieldsViewController.swift in Sources */,
				1F03C2C121AACFD4001D8BC6 /* Common+Extensions.swift in Sources */,
				1F03C2C921AACFD4001D8BC6 /* LocalePickerViewController.swift in Sources */,
				1F03C2DC21AACFD4001D8BC6 /* DatePickerViewController.swift in Sources */,
				1F03C2D721AACFD4001D8BC6 /* ContactsPickerViewController.swift in Sources */,
				1F03C2DA21AACFD4001D8BC6 /* ContactCell.swift in Sources */,
				1F03C2D121AACFD4001D8BC6 /* LocationSearchResultsViewController.swift in Sources */,
				1F03C25E21AACF4C001D8BC6 /* SelectTypeViewController.swift in Sources */,
				1F03C2B721AACFD4001D8BC6 /* UIView+Extensions.swift in Sources */,
				1F03C2E421AACFD4001D8BC6 /* SegmentedControl.swift in Sources */,
				1F03C2CB21AACFD4001D8BC6 /* CurrencyCell.swift in Sources */,
				1F03C2CE21AACFD4001D8BC6 /* OneTextFieldViewController.swift in Sources */,
				1F03C2BF21AACFD4001D8BC6 /* UIAlertController+Extensions.swift in Sources */,
				1F03C2E021AACFD4001D8BC6 /* TelegramPickerViewController.swift in Sources */,
				1F03C2BD21AACFD4001D8BC6 /* UISearchBar+Extensions.swift in Sources */,
				1F03C2D921AACFD4001D8BC6 /* Contact.swift in Sources */,
				1F03C2B921AACFD4001D8BC6 /* String+Extensions.swift in Sources */,
				1F03C2D821AACFD4001D8BC6 /* Contacts.swift in Sources */,
				1F03C2B621AACFD4001D8BC6 /* UIViewController+Extensions.swift in Sources */,
				1F03C2DD21AACFD4001D8BC6 /* ImagePickerViewController.swift in Sources */,
				1F03C2BB21AACFD4001D8BC6 /* UIColor+Extensions.swift in Sources */,
				1F03C2D021AACFD4001D8BC6 /* PhotoLibraryPickerViewController.swift in Sources */,
				1F03C2B421AACFD4001D8BC6 /* UISegmentedControl+Extensions.swift in Sources */,
				1F03C2C021AACFD4001D8BC6 /* Optional+Extensions.swift in Sources */,
				1F03C25B21AACF4C001D8BC6 /* Extensions.swift in Sources */,
				1F03C2E521AACFD4001D8BC6 /* GradientSlider.swift in Sources */,
				1F03C2C421AACFD4001D8BC6 /* AttributedTextBlock.swift in Sources */,
				1F03C2BC21AACFD4001D8BC6 /* UIImage+Extensions.swift in Sources */,
				1F03C2D521AACFD4001D8BC6 /* Address.swift in Sources */,
				1F03C2E321AACFD4001D8BC6 /* Label.swift in Sources */,
				1F03C2E621AACFD4001D8BC6 /* TextField.swift in Sources */,
				1F03C2C821AACFD4001D8BC6 /* LocaleInfo.swift in Sources */,
				1F03C25C21AACF4C001D8BC6 /* BaseViewController.swift in Sources */,
				1F03C25D21AACF4C001D8BC6 /* PreviewViewController.swift in Sources */,
				1F03C2C721AACFD4001D8BC6 /* LocaleStore.swift in Sources */,
				1F03C2C521AACFD4001D8BC6 /* TextViewController.swift in Sources */,
				1F03C2D621AACFD4001D8BC6 /* PickerViewViewController.swift in Sources */,
			);
			runOnlyForDeploymentPostprocessing = 0;
		};
		1FEB53FB219D5C5F000672DB /* Sources */ = {
			isa = PBXSourcesBuildPhase;
			buildActionMask = 2147483647;
			files = (
				1FEB5404219D5C5F000672DB /* PatternatorTests.swift in Sources */,
			);
			runOnlyForDeploymentPostprocessing = 0;
		};
		1FEB5406219D5C5F000672DB /* Sources */ = {
			isa = PBXSourcesBuildPhase;
			buildActionMask = 2147483647;
			files = (
				1FEB540F219D5C5F000672DB /* PatternatorUITests.swift in Sources */,
			);
			runOnlyForDeploymentPostprocessing = 0;
		};
/* End PBXSourcesBuildPhase section */

/* Begin PBXTargetDependency section */
		1FEB5401219D5C5F000672DB /* PBXTargetDependency */ = {
			isa = PBXTargetDependency;
			target = 1FEB53EA219D5C5E000672DB /* Patternator */;
			targetProxy = 1FEB5400219D5C5F000672DB /* PBXContainerItemProxy */;
		};
		1FEB540C219D5C5F000672DB /* PBXTargetDependency */ = {
			isa = PBXTargetDependency;
			target = 1FEB53EA219D5C5E000672DB /* Patternator */;
			targetProxy = 1FEB540B219D5C5F000672DB /* PBXContainerItemProxy */;
		};
/* End PBXTargetDependency section */

/* Begin PBXVariantGroup section */
		1FEB53F2219D5C5E000672DB /* Main.storyboard */ = {
			isa = PBXVariantGroup;
			children = (
				1FEB53F3219D5C5E000672DB /* Base */,
			);
			name = Main.storyboard;
			sourceTree = "<group>";
		};
		1FEB53F7219D5C5F000672DB /* LaunchScreen.storyboard */ = {
			isa = PBXVariantGroup;
			children = (
				1FEB53F8219D5C5F000672DB /* Base */,
			);
			name = LaunchScreen.storyboard;
			sourceTree = "<group>";
		};
/* End PBXVariantGroup section */

/* Begin XCBuildConfiguration section */
		1FEB5411219D5C5F000672DB /* Debug */ = {
			isa = XCBuildConfiguration;
			buildSettings = {
				ALWAYS_SEARCH_USER_PATHS = NO;
				CLANG_ANALYZER_NONNULL = YES;
				CLANG_ANALYZER_NUMBER_OBJECT_CONVERSION = YES_AGGRESSIVE;
				CLANG_CXX_LANGUAGE_STANDARD = "gnu++14";
				CLANG_CXX_LIBRARY = "libc++";
				CLANG_ENABLE_MODULES = YES;
				CLANG_ENABLE_OBJC_ARC = YES;
				CLANG_ENABLE_OBJC_WEAK = YES;
				CLANG_WARN_BLOCK_CAPTURE_AUTORELEASING = YES;
				CLANG_WARN_BOOL_CONVERSION = YES;
				CLANG_WARN_COMMA = YES;
				CLANG_WARN_CONSTANT_CONVERSION = YES;
				CLANG_WARN_DEPRECATED_OBJC_IMPLEMENTATIONS = YES;
				CLANG_WARN_DIRECT_OBJC_ISA_USAGE = YES_ERROR;
				CLANG_WARN_DOCUMENTATION_COMMENTS = YES;
				CLANG_WARN_EMPTY_BODY = YES;
				CLANG_WARN_ENUM_CONVERSION = YES;
				CLANG_WARN_INFINITE_RECURSION = YES;
				CLANG_WARN_INT_CONVERSION = YES;
				CLANG_WARN_NON_LITERAL_NULL_CONVERSION = YES;
				CLANG_WARN_OBJC_IMPLICIT_RETAIN_SELF = YES;
				CLANG_WARN_OBJC_LITERAL_CONVERSION = YES;
				CLANG_WARN_OBJC_ROOT_CLASS = YES_ERROR;
				CLANG_WARN_RANGE_LOOP_ANALYSIS = YES;
				CLANG_WARN_STRICT_PROTOTYPES = YES;
				CLANG_WARN_SUSPICIOUS_MOVE = YES;
				CLANG_WARN_UNGUARDED_AVAILABILITY = YES_AGGRESSIVE;
				CLANG_WARN_UNREACHABLE_CODE = YES;
				CLANG_WARN__DUPLICATE_METHOD_MATCH = YES;
				CODE_SIGN_IDENTITY = "iPhone Developer";
				COPY_PHASE_STRIP = NO;
				DEBUG_INFORMATION_FORMAT = dwarf;
				ENABLE_STRICT_OBJC_MSGSEND = YES;
				ENABLE_TESTABILITY = YES;
				GCC_C_LANGUAGE_STANDARD = gnu11;
				GCC_DYNAMIC_NO_PIC = NO;
				GCC_NO_COMMON_BLOCKS = YES;
				GCC_OPTIMIZATION_LEVEL = 0;
				GCC_PREPROCESSOR_DEFINITIONS = (
					"DEBUG=1",
					"$(inherited)",
				);
				GCC_WARN_64_TO_32_BIT_CONVERSION = YES;
				GCC_WARN_ABOUT_RETURN_TYPE = YES_ERROR;
				GCC_WARN_UNDECLARED_SELECTOR = YES;
				GCC_WARN_UNINITIALIZED_AUTOS = YES_AGGRESSIVE;
				GCC_WARN_UNUSED_FUNCTION = YES;
				GCC_WARN_UNUSED_VARIABLE = YES;
				IPHONEOS_DEPLOYMENT_TARGET = 12.1;
				MTL_ENABLE_DEBUG_INFO = INCLUDE_SOURCE;
				MTL_FAST_MATH = YES;
				ONLY_ACTIVE_ARCH = YES;
				SDKROOT = iphoneos;
				SWIFT_ACTIVE_COMPILATION_CONDITIONS = DEBUG;
				SWIFT_OPTIMIZATION_LEVEL = "-Onone";
			};
			name = Debug;
		};
		1FEB5412219D5C5F000672DB /* Release */ = {
			isa = XCBuildConfiguration;
			buildSettings = {
				ALWAYS_SEARCH_USER_PATHS = NO;
				CLANG_ANALYZER_NONNULL = YES;
				CLANG_ANALYZER_NUMBER_OBJECT_CONVERSION = YES_AGGRESSIVE;
				CLANG_CXX_LANGUAGE_STANDARD = "gnu++14";
				CLANG_CXX_LIBRARY = "libc++";
				CLANG_ENABLE_MODULES = YES;
				CLANG_ENABLE_OBJC_ARC = YES;
				CLANG_ENABLE_OBJC_WEAK = YES;
				CLANG_WARN_BLOCK_CAPTURE_AUTORELEASING = YES;
				CLANG_WARN_BOOL_CONVERSION = YES;
				CLANG_WARN_COMMA = YES;
				CLANG_WARN_CONSTANT_CONVERSION = YES;
				CLANG_WARN_DEPRECATED_OBJC_IMPLEMENTATIONS = YES;
				CLANG_WARN_DIRECT_OBJC_ISA_USAGE = YES_ERROR;
				CLANG_WARN_DOCUMENTATION_COMMENTS = YES;
				CLANG_WARN_EMPTY_BODY = YES;
				CLANG_WARN_ENUM_CONVERSION = YES;
				CLANG_WARN_INFINITE_RECURSION = YES;
				CLANG_WARN_INT_CONVERSION = YES;
				CLANG_WARN_NON_LITERAL_NULL_CONVERSION = YES;
				CLANG_WARN_OBJC_IMPLICIT_RETAIN_SELF = YES;
				CLANG_WARN_OBJC_LITERAL_CONVERSION = YES;
				CLANG_WARN_OBJC_ROOT_CLASS = YES_ERROR;
				CLANG_WARN_RANGE_LOOP_ANALYSIS = YES;
				CLANG_WARN_STRICT_PROTOTYPES = YES;
				CLANG_WARN_SUSPICIOUS_MOVE = YES;
				CLANG_WARN_UNGUARDED_AVAILABILITY = YES_AGGRESSIVE;
				CLANG_WARN_UNREACHABLE_CODE = YES;
				CLANG_WARN__DUPLICATE_METHOD_MATCH = YES;
				CODE_SIGN_IDENTITY = "iPhone Developer";
				COPY_PHASE_STRIP = NO;
				DEBUG_INFORMATION_FORMAT = "dwarf-with-dsym";
				ENABLE_NS_ASSERTIONS = NO;
				ENABLE_STRICT_OBJC_MSGSEND = YES;
				GCC_C_LANGUAGE_STANDARD = gnu11;
				GCC_NO_COMMON_BLOCKS = YES;
				GCC_WARN_64_TO_32_BIT_CONVERSION = YES;
				GCC_WARN_ABOUT_RETURN_TYPE = YES_ERROR;
				GCC_WARN_UNDECLARED_SELECTOR = YES;
				GCC_WARN_UNINITIALIZED_AUTOS = YES_AGGRESSIVE;
				GCC_WARN_UNUSED_FUNCTION = YES;
				GCC_WARN_UNUSED_VARIABLE = YES;
				IPHONEOS_DEPLOYMENT_TARGET = 12.1;
				MTL_ENABLE_DEBUG_INFO = NO;
				MTL_FAST_MATH = YES;
				SDKROOT = iphoneos;
				SWIFT_COMPILATION_MODE = wholemodule;
				SWIFT_OPTIMIZATION_LEVEL = "-O";
				VALIDATE_PRODUCT = YES;
			};
			name = Release;
		};
		1FEB5414219D5C5F000672DB /* Debug */ = {
			isa = XCBuildConfiguration;
			baseConfigurationReference = 0FC81747736088CAB4915459 /* Pods-Patternator.debug.xcconfig */;
			buildSettings = {
				ASSETCATALOG_COMPILER_APPICON_NAME = AppIcon;
				CODE_SIGN_STYLE = Automatic;
				DEVELOPMENT_TEAM = 68L248M44U;
				INFOPLIST_FILE = Patternator/Info.plist;
				IPHONEOS_DEPLOYMENT_TARGET = 11.0;
				LD_RUNPATH_SEARCH_PATHS = (
					"$(inherited)",
					"@executable_path/Frameworks",
				);
				PRODUCT_BUNDLE_IDENTIFIER = app.pilgwon.Patternator;
				PRODUCT_NAME = "$(TARGET_NAME)";
				SWIFT_VERSION = 4.2;
				TARGETED_DEVICE_FAMILY = "1,2";
			};
			name = Debug;
		};
		1FEB5415219D5C5F000672DB /* Release */ = {
			isa = XCBuildConfiguration;
			baseConfigurationReference = C79B5B4CE318A9B6BE36309E /* Pods-Patternator.release.xcconfig */;
			buildSettings = {
				ASSETCATALOG_COMPILER_APPICON_NAME = AppIcon;
				CODE_SIGN_STYLE = Automatic;
				DEVELOPMENT_TEAM = 68L248M44U;
				INFOPLIST_FILE = Patternator/Info.plist;
				IPHONEOS_DEPLOYMENT_TARGET = 11.0;
				LD_RUNPATH_SEARCH_PATHS = (
					"$(inherited)",
					"@executable_path/Frameworks",
				);
				PRODUCT_BUNDLE_IDENTIFIER = app.pilgwon.Patternator;
				PRODUCT_NAME = "$(TARGET_NAME)";
				SWIFT_VERSION = 4.2;
				TARGETED_DEVICE_FAMILY = "1,2";
			};
			name = Release;
		};
		1FEB5417219D5C5F000672DB /* Debug */ = {
			isa = XCBuildConfiguration;
			baseConfigurationReference = 3553A62AB4B3F784D199069E /* Pods-PatternatorTests.debug.xcconfig */;
			buildSettings = {
				ALWAYS_EMBED_SWIFT_STANDARD_LIBRARIES = YES;
				BUNDLE_LOADER = "$(TEST_HOST)";
				CODE_SIGN_STYLE = Automatic;
				DEVELOPMENT_TEAM = 68L248M44U;
				INFOPLIST_FILE = PatternatorTests/Info.plist;
				LD_RUNPATH_SEARCH_PATHS = (
					"$(inherited)",
					"@executable_path/Frameworks",
					"@loader_path/Frameworks",
				);
				PRODUCT_BUNDLE_IDENTIFIER = app.pilgwon.PatternatorTests;
				PRODUCT_NAME = "$(TARGET_NAME)";
				SWIFT_VERSION = 4.2;
				TARGETED_DEVICE_FAMILY = "1,2";
				TEST_HOST = "$(BUILT_PRODUCTS_DIR)/Patternator.app/Patternator";
			};
			name = Debug;
		};
		1FEB5418219D5C5F000672DB /* Release */ = {
			isa = XCBuildConfiguration;
			baseConfigurationReference = 7D57FFE5C38BD256704593CA /* Pods-PatternatorTests.release.xcconfig */;
			buildSettings = {
				ALWAYS_EMBED_SWIFT_STANDARD_LIBRARIES = YES;
				BUNDLE_LOADER = "$(TEST_HOST)";
				CODE_SIGN_STYLE = Automatic;
				DEVELOPMENT_TEAM = 68L248M44U;
				INFOPLIST_FILE = PatternatorTests/Info.plist;
				LD_RUNPATH_SEARCH_PATHS = (
					"$(inherited)",
					"@executable_path/Frameworks",
					"@loader_path/Frameworks",
				);
				PRODUCT_BUNDLE_IDENTIFIER = app.pilgwon.PatternatorTests;
				PRODUCT_NAME = "$(TARGET_NAME)";
				SWIFT_VERSION = 4.2;
				TARGETED_DEVICE_FAMILY = "1,2";
				TEST_HOST = "$(BUILT_PRODUCTS_DIR)/Patternator.app/Patternator";
			};
			name = Release;
		};
		1FEB541A219D5C5F000672DB /* Debug */ = {
			isa = XCBuildConfiguration;
			baseConfigurationReference = D7984A279DD1483E9171F00B /* Pods-PatternatorUITests.debug.xcconfig */;
			buildSettings = {
				ALWAYS_EMBED_SWIFT_STANDARD_LIBRARIES = YES;
				CODE_SIGN_STYLE = Automatic;
				DEVELOPMENT_TEAM = 68L248M44U;
				INFOPLIST_FILE = PatternatorUITests/Info.plist;
				LD_RUNPATH_SEARCH_PATHS = (
					"$(inherited)",
					"@executable_path/Frameworks",
					"@loader_path/Frameworks",
				);
				PRODUCT_BUNDLE_IDENTIFIER = app.pilgwon.PatternatorUITests;
				PRODUCT_NAME = "$(TARGET_NAME)";
				SWIFT_VERSION = 4.2;
				TARGETED_DEVICE_FAMILY = "1,2";
				TEST_TARGET_NAME = Patternator;
			};
			name = Debug;
		};
		1FEB541B219D5C5F000672DB /* Release */ = {
			isa = XCBuildConfiguration;
			baseConfigurationReference = AF3C4542BC826903E886E55F /* Pods-PatternatorUITests.release.xcconfig */;
			buildSettings = {
				ALWAYS_EMBED_SWIFT_STANDARD_LIBRARIES = YES;
				CODE_SIGN_STYLE = Automatic;
				DEVELOPMENT_TEAM = 68L248M44U;
				INFOPLIST_FILE = PatternatorUITests/Info.plist;
				LD_RUNPATH_SEARCH_PATHS = (
					"$(inherited)",
					"@executable_path/Frameworks",
					"@loader_path/Frameworks",
				);
				PRODUCT_BUNDLE_IDENTIFIER = app.pilgwon.PatternatorUITests;
				PRODUCT_NAME = "$(TARGET_NAME)";
				SWIFT_VERSION = 4.2;
				TARGETED_DEVICE_FAMILY = "1,2";
				TEST_TARGET_NAME = Patternator;
			};
			name = Release;
		};
/* End XCBuildConfiguration section */

/* Begin XCConfigurationList section */
		1FEB53E6219D5C5E000672DB /* Build configuration list for PBXProject "Patternator" */ = {
			isa = XCConfigurationList;
			buildConfigurations = (
				1FEB5411219D5C5F000672DB /* Debug */,
				1FEB5412219D5C5F000672DB /* Release */,
			);
			defaultConfigurationIsVisible = 0;
			defaultConfigurationName = Release;
		};
		1FEB5413219D5C5F000672DB /* Build configuration list for PBXNativeTarget "Patternator" */ = {
			isa = XCConfigurationList;
			buildConfigurations = (
				1FEB5414219D5C5F000672DB /* Debug */,
				1FEB5415219D5C5F000672DB /* Release */,
			);
			defaultConfigurationIsVisible = 0;
			defaultConfigurationName = Release;
		};
		1FEB5416219D5C5F000672DB /* Build configuration list for PBXNativeTarget "PatternatorTests" */ = {
			isa = XCConfigurationList;
			buildConfigurations = (
				1FEB5417219D5C5F000672DB /* Debug */,
				1FEB5418219D5C5F000672DB /* Release */,
			);
			defaultConfigurationIsVisible = 0;
			defaultConfigurationName = Release;
		};
		1FEB5419219D5C5F000672DB /* Build configuration list for PBXNativeTarget "PatternatorUITests" */ = {
			isa = XCConfigurationList;
			buildConfigurations = (
				1FEB541A219D5C5F000672DB /* Debug */,
				1FEB541B219D5C5F000672DB /* Release */,
			);
			defaultConfigurationIsVisible = 0;
			defaultConfigurationName = Release;
		};
/* End XCConfigurationList section */
	};
	rootObject = 1FEB53E3219D5C5E000672DB /* Project object */;
}
